
Microsoft Visual Studio Solution File, Format Version 12.00
# Visual Studio Version 16
VisualStudioVersion = 16.0.31005.135
MinimumVisualStudioVersion = 10.0.40219.1
Project("{FAE04EC0-301F-11D3-BF4B-00C04F79EFBC}") = "OdeToFood.Web", "OdeToFood.Web\OdeToFood.Web.csproj", "{C06D44E0-FBA6-45D6-BB7C-D30CF9188238}"
EndProject
Project("{FAE04EC0-301F-11D3-BF4B-00C04F79EFBC}") = "OdeToFood.Data", "OdeToFood.Data\OdeToFood.Data.csproj", "{AD9682E6-DE28-41CC-8F30-1D2156688E36}"
EndProject
Global
	GlobalSection(SolutionConfigurationPlatforms) = preSolution
		Debug|Any CPU = Debug|Any CPU
		Release|Any CPU = Release|Any CPU
	EndGlobalSection
	GlobalSection(ProjectConfigurationPlatforms) = postSolution
		{C06D44E0-FBA6-45D6-BB7C-D30CF9188238}.Debug|Any CPU.ActiveCfg = Debug|Any CPU
		{C06D44E0-FBA6-45D6-BB7C-D30CF9188238}.Debug|Any CPU.Build.0 = Debug|Any CPU
		{C06D44E0-FBA6-45D6-BB7C-D30CF9188238}.Release|Any CPU.ActiveCfg = Release|Any CPU
		{C06D44E0-FBA6-45D6-BB7C-D30CF9188238}.Release|Any CPU.Build.0 = Release|Any CPU
		{AD9682E6-DE28-41CC-8F30-1D2156688E36}.Debug|Any CPU.ActiveCfg = Debug|Any CPU
		{AD9682E6-DE28-41CC-8F30-1D2156688E36}.Debug|Any CPU.Build.0 = Debug|Any CPU
		{AD9682E6-DE28-41CC-8F30-1D2156688E36}.Release|Any CPU.ActiveCfg = Release|Any CPU
		{AD9682E6-DE28-41CC-8F30-1D2156688E36}.Release|Any CPU.Build.0 = Release|Any CPU
	EndGlobalSection
	GlobalSection(SolutionProperties) = preSolution
		HideSolutionNode = FALSE
	EndGlobalSection
	GlobalSection(ExtensibilityGlobals) = postSolution
		SolutionGuid = {59D6FC09-C9FC-422C-84BC-899C040C1374}
	EndGlobalSection
EndGlobal
